
Microsoft Visual Studio Solution File, Format Version 12.00
# Visual Studio Version 16
VisualStudioVersion = 16.0.34031.81
MinimumVisualStudioVersion = 10.0.40219.1
Project("{FAE04EC0-301F-11D3-BF4B-00C04F79EFBC}") = "banvemaybay", "banvemaybay\banvemaybay.csproj", "{6FF78E72-C4B5-4C5C-BC95-4D84BBC34538}"
EndProject
Global
	GlobalSection(SolutionConfigurationPlatforms) = preSolution
		Debug|Any CPU = Debug|Any CPU
		Release|Any CPU = Release|Any CPU
	EndGlobalSection
	GlobalSection(ProjectConfigurationPlatforms) = postSolution
		{6FF78E72-C4B5-4C5C-BC95-4D84BBC34538}.Debug|Any CPU.ActiveCfg = Debug|Any CPU
		{6FF78E72-C4B5-4C5C-BC95-4D84BBC34538}.Debug|Any CPU.Build.0 = Debug|Any CPU
		{6FF78E72-C4B5-4C5C-BC95-4D84BBC34538}.Release|Any CPU.ActiveCfg = Release|Any CPU
		{6FF78E72-C4B5-4C5C-BC95-4D84BBC34538}.Release|Any CPU.Build.0 = Release|Any CPU
	EndGlobalSection
	GlobalSection(SolutionProperties) = preSolution
		HideSolutionNode = FALSE
	EndGlobalSection
	GlobalSection(ExtensibilityGlobals) = postSolution
		SolutionGuid = {5C62D556-EAE0-4385-A657-1AB1F5986248}
	EndGlobalSection
EndGlobal
